
Microsoft Visual Studio Solution File, Format Version 12.00
# Visual Studio 15
VisualStudioVersion = 15.0.28307.271
MinimumVisualStudioVersion = 10.0.40219.1
Project("{FAE04EC0-301F-11D3-BF4B-00C04F79EFBC}") = "FirebaseAuthDemo", "FirebaseAuthDemo\FirebaseAuthDemo.csproj", "{284D4872-20F3-442E-B100-ACC4F2F01555}"
EndProject
Project("{FAE04EC0-301F-11D3-BF4B-00C04F79EFBC}") = "ApiTester", "ApiTester\ApiTester.csproj", "{11B77F09-EE2B-4CEA-9632-89A02EE42758}"
EndProject
Global
	GlobalSection(SolutionConfigurationPlatforms) = preSolution
		Debug|Any CPU = Debug|Any CPU
		Release|Any CPU = Release|Any CPU
	EndGlobalSection
	GlobalSection(ProjectConfigurationPlatforms) = postSolution
		{284D4872-20F3-442E-B100-ACC4F2F01555}.Debug|Any CPU.ActiveCfg = Debug|Any CPU
		{284D4872-20F3-442E-B100-ACC4F2F01555}.Debug|Any CPU.Build.0 = Debug|Any CPU
		{284D4872-20F3-442E-B100-ACC4F2F01555}.Release|Any CPU.ActiveCfg = Release|Any CPU
		{284D4872-20F3-442E-B100-ACC4F2F01555}.Release|Any CPU.Build.0 = Release|Any CPU
		{11B77F09-EE2B-4CEA-9632-89A02EE42758}.Debug|Any CPU.ActiveCfg = Debug|Any CPU
		{11B77F09-EE2B-4CEA-9632-89A02EE42758}.Debug|Any CPU.Build.0 = Debug|Any CPU
		{11B77F09-EE2B-4CEA-9632-89A02EE42758}.Release|Any CPU.ActiveCfg = Release|Any CPU
		{11B77F09-EE2B-4CEA-9632-89A02EE42758}.Release|Any CPU.Build.0 = Release|Any CPU
	EndGlobalSection
	GlobalSection(SolutionProperties) = preSolution
		HideSolutionNode = FALSE
	EndGlobalSection
	GlobalSection(ExtensibilityGlobals) = postSolution
		SolutionGuid = {B1750521-69D3-4B50-BB09-B9283CB60DA0}
	EndGlobalSection
EndGlobal
